
Microsoft Visual Studio Solution File, Format Version 12.00
# Visual Studio 14
VisualStudioVersion = 14.0.25420.1
MinimumVisualStudioVersion = 10.0.40219.1
Project("{FAE04EC0-301F-11D3-BF4B-00C04F79EFBC}") = "Graph Theory", "Graph Theory\Graph Theory.csproj", "{D5530910-17DB-45E3-8954-8E6AF5486BE2}"
EndProject
Project("{FAE04EC0-301F-11D3-BF4B-00C04F79EFBC}") = "Graph Theory Test Cases", "Graph Theory Test Cases\Graph Theory Test Cases.csproj", "{060157E1-81E1-46F0-862F-A74325B862D2}"
EndProject
Global
	GlobalSection(SolutionConfigurationPlatforms) = preSolution
		Debug|Any CPU = Debug|Any CPU
		Release|Any CPU = Release|Any CPU
	EndGlobalSection
	GlobalSection(ProjectConfigurationPlatforms) = postSolution
		{D5530910-17DB-45E3-8954-8E6AF5486BE2}.Debug|Any CPU.ActiveCfg = Debug|Any CPU
		{D5530910-17DB-45E3-8954-8E6AF5486BE2}.Debug|Any CPU.Build.0 = Debug|Any CPU
		{D5530910-17DB-45E3-8954-8E6AF5486BE2}.Release|Any CPU.ActiveCfg = Release|Any CPU
		{D5530910-17DB-45E3-8954-8E6AF5486BE2}.Release|Any CPU.Build.0 = Release|Any CPU
		{060157E1-81E1-46F0-862F-A74325B862D2}.Debug|Any CPU.ActiveCfg = Debug|Any CPU
		{060157E1-81E1-46F0-862F-A74325B862D2}.Debug|Any CPU.Build.0 = Debug|Any CPU
		{060157E1-81E1-46F0-862F-A74325B862D2}.Release|Any CPU.ActiveCfg = Release|Any CPU
		{060157E1-81E1-46F0-862F-A74325B862D2}.Release|Any CPU.Build.0 = Release|Any CPU
	EndGlobalSection
	GlobalSection(SolutionProperties) = preSolution
		HideSolutionNode = FALSE
	EndGlobalSection
EndGlobal
